// !$*UTF8*$!
{
	archiveVersion = 1;
	classes = {
	};
	objectVersion = 46;
	objects = {

/* Begin PBXBuildFile section */
		A988236416981B9100D6E3D5 /* UIKit.framework in Frameworks */ = {isa = PBXBuildFile; fileRef = A988236316981B9100D6E3D5 /* UIKit.framework */; };
		A988236616981B9100D6E3D5 /* Foundation.framework in Frameworks */ = {isa = PBXBuildFile; fileRef = A988236516981B9100D6E3D5 /* Foundation.framework */; };
		A988236816981B9100D6E3D5 /* CoreGraphics.framework in Frameworks */ = {isa = PBXBuildFile; fileRef = A988236716981B9100D6E3D5 /* CoreGraphics.framework */; };
		A988236E16981B9100D6E3D5 /* InfoPlist.strings in Resources */ = {isa = PBXBuildFile; fileRef = A988236C16981B9100D6E3D5 /* InfoPlist.strings */; };
		A988237016981B9100D6E3D5 /* main.m in Sources */ = {isa = PBXBuildFile; fileRef = A988236F16981B9100D6E3D5 /* main.m */; };
		A988237416981B9100D6E3D5 /* AppDelegate.m in Sources */ = {isa = PBXBuildFile; fileRef = A988237316981B9100D6E3D5 /* AppDelegate.m */; };
		A988237616981B9100D6E3D5 /* Default.png in Resources */ = {isa = PBXBuildFile; fileRef = A988237516981B9100D6E3D5 /* Default.png */; };
		A988237816981B9100D6E3D5 /* Default@2x.png in Resources */ = {isa = PBXBuildFile; fileRef = A988237716981B9100D6E3D5 /* Default@2x.png */; };
		A988237A16981B9100D6E3D5 /* Default-568h@2x.png in Resources */ = {isa = PBXBuildFile; fileRef = A988237916981B9100D6E3D5 /* Default-568h@2x.png */; };
		A988237D16981B9100D6E3D5 /* ViewController.m in Sources */ = {isa = PBXBuildFile; fileRef = A988237C16981B9100D6E3D5 /* ViewController.m */; };
		A988238016981B9100D6E3D5 /* ViewController.xib in Resources */ = {isa = PBXBuildFile; fileRef = A988237E16981B9100D6E3D5 /* ViewController.xib */; };
		A98823AB16981CA800D6E3D5 /* Reachability.m in Sources */ = {isa = PBXBuildFile; fileRef = A98823AA16981CA800D6E3D5 /* Reachability.m */; };
		A98823AD16981D1500D6E3D5 /* CFNetwork.framework in Frameworks */ = {isa = PBXBuildFile; fileRef = A98823AC16981D1500D6E3D5 /* CFNetwork.framework */; };
		A98823AF16981D2100D6E3D5 /* SystemConfiguration.framework in Frameworks */ = {isa = PBXBuildFile; fileRef = A98823AE16981D2100D6E3D5 /* SystemConfiguration.framework */; };
		A98823B116981D2800D6E3D5 /* MobileCoreServices.framework in Frameworks */ = {isa = PBXBuildFile; fileRef = A98823B016981D2800D6E3D5 /* MobileCoreServices.framework */; };
		A98823B316981D3400D6E3D5 /* libz.dylib in Frameworks */ = {isa = PBXBuildFile; fileRef = A98823B216981D3400D6E3D5 /* libz.dylib */; };
		A98823B8169824F900D6E3D5 /* BusinessLogicController.m in Sources */ = {isa = PBXBuildFile; fileRef = A98823B7169824F900D6E3D5 /* BusinessLogicController.m */; };
		E4E981961699C3EE001A09CF /* ASIAuthenticationDialog.m in Sources */ = {isa = PBXBuildFile; fileRef = E4E981801699C24B001A09CF /* ASIAuthenticationDialog.m */; };
		E4E981991699C3EE001A09CF /* ASIDataCompressor.m in Sources */ = {isa = PBXBuildFile; fileRef = E4E981831699C24B001A09CF /* ASIDataCompressor.m */; };
		E4E9819B1699C3EE001A09CF /* ASIDataDecompressor.m in Sources */ = {isa = PBXBuildFile; fileRef = E4E981851699C24B001A09CF /* ASIDataDecompressor.m */; };
		E4E9819D1699C3EE001A09CF /* ASIDownloadCache.m in Sources */ = {isa = PBXBuildFile; fileRef = E4E981871699C24B001A09CF /* ASIDownloadCache.m */; };
		E4E9819F1699C3EE001A09CF /* ASIFormDataRequest.m in Sources */ = {isa = PBXBuildFile; fileRef = E4E981891699C24B001A09CF /* ASIFormDataRequest.m */; };
		E4E981A11699C3EE001A09CF /* ASIHTTPRequest.m in Sources */ = {isa = PBXBuildFile; fileRef = E4E9818B1699C24B001A09CF /* ASIHTTPRequest.m */; };
		E4E981A51699C3EE001A09CF /* ASIInputStream.m in Sources */ = {isa = PBXBuildFile; fileRef = E4E9818F1699C24B001A09CF /* ASIInputStream.m */; };
		E4E981A71699C3EE001A09CF /* ASINetworkQueue.m in Sources */ = {isa = PBXBuildFile; fileRef = E4E981911699C24B001A09CF /* ASINetworkQueue.m */; };
/* End PBXBuildFile section */

/* Begin PBXFileReference section */
		A988235F16981B9100D6E3D5 /* DigestTest.app */ = {isa = PBXFileReference; explicitFileType = wrapper.application; includeInIndex = 0; path = DigestTest.app; sourceTree = BUILT_PRODUCTS_DIR; };
		A988236316981B9100D6E3D5 /* UIKit.framework */ = {isa = PBXFileReference; lastKnownFileType = wrapper.framework; name = UIKit.framework; path = System/Library/Frameworks/UIKit.framework; sourceTree = SDKROOT; };
		A988236516981B9100D6E3D5 /* Foundation.framework */ = {isa = PBXFileReference; lastKnownFileType = wrapper.framework; name = Foundation.framework; path = System/Library/Frameworks/Foundation.framework; sourceTree = SDKROOT; };
		A988236716981B9100D6E3D5 /* CoreGraphics.framework */ = {isa = PBXFileReference; lastKnownFileType = wrapper.framework; name = CoreGraphics.framework; path = System/Library/Frameworks/CoreGraphics.framework; sourceTree = SDKROOT; };
		A988236B16981B9100D6E3D5 /* DigestTest-Info.plist */ = {isa = PBXFileReference; lastKnownFileType = text.plist.xml; path = "DigestTest-Info.plist"; sourceTree = "<group>"; };
		A988236D16981B9100D6E3D5 /* en */ = {isa = PBXFileReference; lastKnownFileType = text.plist.strings; name = en; path = en.lproj/InfoPlist.strings; sourceTree = "<group>"; };
		A988236F16981B9100D6E3D5 /* main.m */ = {isa = PBXFileReference; lastKnownFileType = sourcecode.c.objc; path = main.m; sourceTree = "<group>"; };
		A988237116981B9100D6E3D5 /* DigestTest-Prefix.pch */ = {isa = PBXFileReference; lastKnownFileType = sourcecode.c.h; path = "DigestTest-Prefix.pch"; sourceTree = "<group>"; };
		A988237216981B9100D6E3D5 /* AppDelegate.h */ = {isa = PBXFileReference; lastKnownFileType = sourcecode.c.h; path = AppDelegate.h; sourceTree = "<group>"; };
		A988237316981B9100D6E3D5 /* AppDelegate.m */ = {isa = PBXFileReference; lastKnownFileType = sourcecode.c.objc; path = AppDelegate.m; sourceTree = "<group>"; };
		A988237516981B9100D6E3D5 /* Default.png */ = {isa = PBXFileReference; lastKnownFileType = image.png; path = Default.png; sourceTree = "<group>"; };
		A988237716981B9100D6E3D5 /* Default@2x.png */ = {isa = PBXFileReference; lastKnownFileType = image.png; path = "Default@2x.png"; sourceTree = "<group>"; };
		A988237916981B9100D6E3D5 /* Default-568h@2x.png */ = {isa = PBXFileReference; lastKnownFileType = image.png; path = "Default-568h@2x.png"; sourceTree = "<group>"; };
		A988237B16981B9100D6E3D5 /* ViewController.h */ = {isa = PBXFileReference; lastKnownFileType = sourcecode.c.h; path = ViewController.h; sourceTree = "<group>"; };
		A988237C16981B9100D6E3D5 /* ViewController.m */ = {isa = PBXFileReference; lastKnownFileType = sourcecode.c.objc; path = ViewController.m; sourceTree = "<group>"; };
		A988237F16981B9100D6E3D5 /* en */ = {isa = PBXFileReference; lastKnownFileType = file.xib; name = en; path = en.lproj/ViewController.xib; sourceTree = "<group>"; };
		A98823A916981CA800D6E3D5 /* Reachability.h */ = {isa = PBXFileReference; fileEncoding = 4; lastKnownFileType = sourcecode.c.h; path = Reachability.h; sourceTree = "<group>"; };
		A98823AA16981CA800D6E3D5 /* Reachability.m */ = {isa = PBXFileReference; fileEncoding = 4; lastKnownFileType = sourcecode.c.objc; path = Reachability.m; sourceTree = "<group>"; };
		A98823AC16981D1500D6E3D5 /* CFNetwork.framework */ = {isa = PBXFileReference; lastKnownFileType = wrapper.framework; name = CFNetwork.framework; path = System/Library/Frameworks/CFNetwork.framework; sourceTree = SDKROOT; };
		A98823AE16981D2100D6E3D5 /* SystemConfiguration.framework */ = {isa = PBXFileReference; lastKnownFileType = wrapper.framework; name = SystemConfiguration.framework; path = System/Library/Frameworks/SystemConfiguration.framework; sourceTree = SDKROOT; };
		A98823B016981D2800D6E3D5 /* MobileCoreServices.framework */ = {isa = PBXFileReference; lastKnownFileType = wrapper.framework; name = MobileCoreServices.framework; path = System/Library/Frameworks/MobileCoreServices.framework; sourceTree = SDKROOT; };
		A98823B216981D3400D6E3D5 /* libz.dylib */ = {isa = PBXFileReference; lastKnownFileType = "compiled.mach-o.dylib"; name = libz.dylib; path = usr/lib/libz.dylib; sourceTree = SDKROOT; };
		A98823B6169824F900D6E3D5 /* BusinessLogicController.h */ = {isa = PBXFileReference; fileEncoding = 4; lastKnownFileType = sourcecode.c.h; path = BusinessLogicController.h; sourceTree = "<group>"; };
		A98823B7169824F900D6E3D5 /* BusinessLogicController.m */ = {isa = PBXFileReference; fileEncoding = 4; lastKnownFileType = sourcecode.c.objc; path = BusinessLogicController.m; sourceTree = "<group>"; };
		E4E9817F1699C24B001A09CF /* ASIAuthenticationDialog.h */ = {isa = PBXFileReference; lastKnownFileType = sourcecode.c.h; name = ASIAuthenticationDialog.h; path = Frameworks/ASIHTTPRequest/Classes/ASIAuthenticationDialog.h; sourceTree = "<group>"; };
		E4E981801699C24B001A09CF /* ASIAuthenticationDialog.m */ = {isa = PBXFileReference; lastKnownFileType = sourcecode.c.objc; name = ASIAuthenticationDialog.m; path = Frameworks/ASIHTTPRequest/Classes/ASIAuthenticationDialog.m; sourceTree = "<group>"; };
		E4E981811699C24B001A09CF /* ASICacheDelegate.h */ = {isa = PBXFileReference; lastKnownFileType = sourcecode.c.h; name = ASICacheDelegate.h; path = Frameworks/ASIHTTPRequest/Classes/ASICacheDelegate.h; sourceTree = "<group>"; };
		E4E981821699C24B001A09CF /* ASIDataCompressor.h */ = {isa = PBXFileReference; lastKnownFileType = sourcecode.c.h; name = ASIDataCompressor.h; path = Frameworks/ASIHTTPRequest/Classes/ASIDataCompressor.h; sourceTree = "<group>"; };
		E4E981831699C24B001A09CF /* ASIDataCompressor.m */ = {isa = PBXFileReference; lastKnownFileType = sourcecode.c.objc; name = ASIDataCompressor.m; path = Frameworks/ASIHTTPRequest/Classes/ASIDataCompressor.m; sourceTree = "<group>"; };
		E4E981841699C24B001A09CF /* ASIDataDecompressor.h */ = {isa = PBXFileReference; lastKnownFileType = sourcecode.c.h; name = ASIDataDecompressor.h; path = Frameworks/ASIHTTPRequest/Classes/ASIDataDecompressor.h; sourceTree = "<group>"; };
		E4E981851699C24B001A09CF /* ASIDataDecompressor.m */ = {isa = PBXFileReference; lastKnownFileType = sourcecode.c.objc; name = ASIDataDecompressor.m; path = Frameworks/ASIHTTPRequest/Classes/ASIDataDecompressor.m; sourceTree = "<group>"; };
		E4E981861699C24B001A09CF /* ASIDownloadCache.h */ = {isa = PBXFileReference; lastKnownFileType = sourcecode.c.h; name = ASIDownloadCache.h; path = Frameworks/ASIHTTPRequest/Classes/ASIDownloadCache.h; sourceTree = "<group>"; };
		E4E981871699C24B001A09CF /* ASIDownloadCache.m */ = {isa = PBXFileReference; lastKnownFileType = sourcecode.c.objc; name = ASIDownloadCache.m; path = Frameworks/ASIHTTPRequest/Classes/ASIDownloadCache.m; sourceTree = "<group>"; };
		E4E981881699C24B001A09CF /* ASIFormDataRequest.h */ = {isa = PBXFileReference; lastKnownFileType = sourcecode.c.h; name = ASIFormDataRequest.h; path = Frameworks/ASIHTTPRequest/Classes/ASIFormDataRequest.h; sourceTree = "<group>"; };
		E4E981891699C24B001A09CF /* ASIFormDataRequest.m */ = {isa = PBXFileReference; lastKnownFileType = sourcecode.c.objc; name = ASIFormDataRequest.m; path = Frameworks/ASIHTTPRequest/Classes/ASIFormDataRequest.m; sourceTree = "<group>"; };
		E4E9818A1699C24B001A09CF /* ASIHTTPRequest.h */ = {isa = PBXFileReference; lastKnownFileType = sourcecode.c.h; name = ASIHTTPRequest.h; path = Frameworks/ASIHTTPRequest/Classes/ASIHTTPRequest.h; sourceTree = "<group>"; };
		E4E9818B1699C24B001A09CF /* ASIHTTPRequest.m */ = {isa = PBXFileReference; lastKnownFileType = sourcecode.c.objc; name = ASIHTTPRequest.m; path = Frameworks/ASIHTTPRequest/Classes/ASIHTTPRequest.m; sourceTree = "<group>"; };
		E4E9818C1699C24B001A09CF /* ASIHTTPRequestConfig.h */ = {isa = PBXFileReference; lastKnownFileType = sourcecode.c.h; name = ASIHTTPRequestConfig.h; path = Frameworks/ASIHTTPRequest/Classes/ASIHTTPRequestConfig.h; sourceTree = "<group>"; };
		E4E9818D1699C24B001A09CF /* ASIHTTPRequestDelegate.h */ = {isa = PBXFileReference; lastKnownFileType = sourcecode.c.h; name = ASIHTTPRequestDelegate.h; path = Frameworks/ASIHTTPRequest/Classes/ASIHTTPRequestDelegate.h; sourceTree = "<group>"; };
		E4E9818E1699C24B001A09CF /* ASIInputStream.h */ = {isa = PBXFileReference; lastKnownFileType = sourcecode.c.h; name = ASIInputStream.h; path = Frameworks/ASIHTTPRequest/Classes/ASIInputStream.h; sourceTree = "<group>"; };
		E4E9818F1699C24B001A09CF /* ASIInputStream.m */ = {isa = PBXFileReference; lastKnownFileType = sourcecode.c.objc; name = ASIInputStream.m; path = Frameworks/ASIHTTPRequest/Classes/ASIInputStream.m; sourceTree = "<group>"; };
		E4E981901699C24B001A09CF /* ASINetworkQueue.h */ = {isa = PBXFileReference; lastKnownFileType = sourcecode.c.h; name = ASINetworkQueue.h; path = Frameworks/ASIHTTPRequest/Classes/ASINetworkQueue.h; sourceTree = "<group>"; };
		E4E981911699C24B001A09CF /* ASINetworkQueue.m */ = {isa = PBXFileReference; lastKnownFileType = sourcecode.c.objc; name = ASINetworkQueue.m; path = Frameworks/ASIHTTPRequest/Classes/ASINetworkQueue.m; sourceTree = "<group>"; };
		E4E981921699C24B001A09CF /* ASIProgressDelegate.h */ = {isa = PBXFileReference; lastKnownFileType = sourcecode.c.h; name = ASIProgressDelegate.h; path = Frameworks/ASIHTTPRequest/Classes/ASIProgressDelegate.h; sourceTree = "<group>"; };
/* End PBXFileReference section */

/* Begin PBXFrameworksBuildPhase section */
		A988235C16981B9100D6E3D5 /* Frameworks */ = {
			isa = PBXFrameworksBuildPhase;
			buildActionMask = 2147483647;
			files = (
				A98823B316981D3400D6E3D5 /* libz.dylib in Frameworks */,
				A98823B116981D2800D6E3D5 /* MobileCoreServices.framework in Frameworks */,
				A98823AF16981D2100D6E3D5 /* SystemConfiguration.framework in Frameworks */,
				A98823AD16981D1500D6E3D5 /* CFNetwork.framework in Frameworks */,
				A988236416981B9100D6E3D5 /* UIKit.framework in Frameworks */,
				A988236616981B9100D6E3D5 /* Foundation.framework in Frameworks */,
				A988236816981B9100D6E3D5 /* CoreGraphics.framework in Frameworks */,
			);
			runOnlyForDeploymentPostprocessing = 0;
		};
/* End PBXFrameworksBuildPhase section */

/* Begin PBXGroup section */
		A988235416981B9100D6E3D5 = {
			isa = PBXGroup;
			children = (
				A98823A816981CA800D6E3D5 /* Reachability */,
				A988236916981B9100D6E3D5 /* DigestTest */,
				A988236216981B9100D6E3D5 /* Frameworks */,
				A988236016981B9100D6E3D5 /* Products */,
			);
			sourceTree = "<group>";
		};
		A988236016981B9100D6E3D5 /* Products */ = {
			isa = PBXGroup;
			children = (
				A988235F16981B9100D6E3D5 /* DigestTest.app */,
			);
			name = Products;
			sourceTree = "<group>";
		};
		A988236216981B9100D6E3D5 /* Frameworks */ = {
			isa = PBXGroup;
			children = (
				E4E981941699C25C001A09CF /* ASIHTTPRequest */,
				A98823B216981D3400D6E3D5 /* libz.dylib */,
				A98823B016981D2800D6E3D5 /* MobileCoreServices.framework */,
				A98823AE16981D2100D6E3D5 /* SystemConfiguration.framework */,
				A98823AC16981D1500D6E3D5 /* CFNetwork.framework */,
				A988236316981B9100D6E3D5 /* UIKit.framework */,
				A988236516981B9100D6E3D5 /* Foundation.framework */,
				A988236716981B9100D6E3D5 /* CoreGraphics.framework */,
			);
			name = Frameworks;
			sourceTree = "<group>";
		};
		A988236916981B9100D6E3D5 /* DigestTest */ = {
			isa = PBXGroup;
			children = (
				A98823B41698232600D6E3D5 /* ViewController */,
				A98823B51698233700D6E3D5 /* BusinessLogicController */,
				A988237216981B9100D6E3D5 /* AppDelegate.h */,
				A988237316981B9100D6E3D5 /* AppDelegate.m */,
				A988236A16981B9100D6E3D5 /* Supporting Files */,
			);
			path = DigestTest;
			sourceTree = "<group>";
		};
		A988236A16981B9100D6E3D5 /* Supporting Files */ = {
			isa = PBXGroup;
			children = (
				A988236B16981B9100D6E3D5 /* DigestTest-Info.plist */,
				A988236C16981B9100D6E3D5 /* InfoPlist.strings */,
				A988236F16981B9100D6E3D5 /* main.m */,
				A988237116981B9100D6E3D5 /* DigestTest-Prefix.pch */,
				A988237516981B9100D6E3D5 /* Default.png */,
				A988237716981B9100D6E3D5 /* Default@2x.png */,
				A988237916981B9100D6E3D5 /* Default-568h@2x.png */,
			);
			name = "Supporting Files";
			sourceTree = "<group>";
		};
		A98823A816981CA800D6E3D5 /* Reachability */ = {
			isa = PBXGroup;
			children = (
				A98823A916981CA800D6E3D5 /* Reachability.h */,
				A98823AA16981CA800D6E3D5 /* Reachability.m */,
			);
			name = Reachability;
			path = DigestTest/Reachability;
			sourceTree = "<group>";
		};
		A98823B41698232600D6E3D5 /* ViewController */ = {
			isa = PBXGroup;
			children = (
				A988237B16981B9100D6E3D5 /* ViewController.h */,
				A988237C16981B9100D6E3D5 /* ViewController.m */,
				A988237E16981B9100D6E3D5 /* ViewController.xib */,
			);
			name = ViewController;
			sourceTree = "<group>";
		};
		A98823B51698233700D6E3D5 /* BusinessLogicController */ = {
			isa = PBXGroup;
			children = (
				A98823B6169824F900D6E3D5 /* BusinessLogicController.h */,
				A98823B7169824F900D6E3D5 /* BusinessLogicController.m */,
			);
			name = BusinessLogicController;
			sourceTree = "<group>";
		};
		E4E981941699C25C001A09CF /* ASIHTTPRequest */ = {
			isa = PBXGroup;
			children = (
				E4E9817F1699C24B001A09CF /* ASIAuthenticationDialog.h */,
				E4E981801699C24B001A09CF /* ASIAuthenticationDialog.m */,
				E4E981811699C24B001A09CF /* ASICacheDelegate.h */,
				E4E981821699C24B001A09CF /* ASIDataCompressor.h */,
				E4E981831699C24B001A09CF /* ASIDataCompressor.m */,
				E4E981841699C24B001A09CF /* ASIDataDecompressor.h */,
				E4E981851699C24B001A09CF /* ASIDataDecompressor.m */,
				E4E981861699C24B001A09CF /* ASIDownloadCache.h */,
				E4E981871699C24B001A09CF /* ASIDownloadCache.m */,
				E4E981881699C24B001A09CF /* ASIFormDataRequest.h */,
				E4E981891699C24B001A09CF /* ASIFormDataRequest.m */,
				E4E9818A1699C24B001A09CF /* ASIHTTPRequest.h */,
				E4E9818B1699C24B001A09CF /* ASIHTTPRequest.m */,
				E4E9818C1699C24B001A09CF /* ASIHTTPRequestConfig.h */,
				E4E9818D1699C24B001A09CF /* ASIHTTPRequestDelegate.h */,
				E4E9818E1699C24B001A09CF /* ASIInputStream.h */,
				E4E9818F1699C24B001A09CF /* ASIInputStream.m */,
				E4E981901699C24B001A09CF /* ASINetworkQueue.h */,
				E4E981911699C24B001A09CF /* ASINetworkQueue.m */,
				E4E981921699C24B001A09CF /* ASIProgressDelegate.h */,
			);
			name = ASIHTTPRequest;
			sourceTree = "<group>";
		};
/* End PBXGroup section */

/* Begin PBXNativeTarget section */
		A988235E16981B9100D6E3D5 /* DigestTest */ = {
			isa = PBXNativeTarget;
			buildConfigurationList = A988238316981B9100D6E3D5 /* Build configuration list for PBXNativeTarget "DigestTest" */;
			buildPhases = (
				A988235B16981B9100D6E3D5 /* Sources */,
				A988235C16981B9100D6E3D5 /* Frameworks */,
				A988235D16981B9100D6E3D5 /* Resources */,
			);
			buildRules = (
			);
			dependencies = (
			);
			name = DigestTest;
			productName = DigestTest;
			productReference = A988235F16981B9100D6E3D5 /* DigestTest.app */;
			productType = "com.apple.product-type.application";
		};
/* End PBXNativeTarget section */

/* Begin PBXProject section */
		A988235616981B9100D6E3D5 /* Project object */ = {
			isa = PBXProject;
			attributes = {
				LastUpgradeCheck = 0450;
				ORGANIZATIONNAME = sagles;
			};
			buildConfigurationList = A988235916981B9100D6E3D5 /* Build configuration list for PBXProject "DigestTest" */;
			compatibilityVersion = "Xcode 3.2";
			developmentRegion = English;
			hasScannedForEncodings = 0;
			knownRegions = (
				en,
			);
			mainGroup = A988235416981B9100D6E3D5;
			productRefGroup = A988236016981B9100D6E3D5 /* Products */;
			projectDirPath = "";
			projectRoot = "";
			targets = (
				A988235E16981B9100D6E3D5 /* DigestTest */,
			);
		};
/* End PBXProject section */

/* Begin PBXResourcesBuildPhase section */
		A988235D16981B9100D6E3D5 /* Resources */ = {
			isa = PBXResourcesBuildPhase;
			buildActionMask = 2147483647;
			files = (
				A988236E16981B9100D6E3D5 /* InfoPlist.strings in Resources */,
				A988237616981B9100D6E3D5 /* Default.png in Resources */,
				A988237816981B9100D6E3D5 /* Default@2x.png in Resources */,
				A988237A16981B9100D6E3D5 /* Default-568h@2x.png in Resources */,
				A988238016981B9100D6E3D5 /* ViewController.xib in Resources */,
			);
			runOnlyForDeploymentPostprocessing = 0;
		};
/* End PBXResourcesBuildPhase section */

/* Begin PBXSourcesBuildPhase section */
		A988235B16981B9100D6E3D5 /* Sources */ = {
			isa = PBXSourcesBuildPhase;
			buildActionMask = 2147483647;
			files = (
				E4E981961699C3EE001A09CF /* ASIAuthenticationDialog.m in Sources */,
				E4E981991699C3EE001A09CF /* ASIDataCompressor.m in Sources */,
				E4E9819B1699C3EE001A09CF /* ASIDataDecompressor.m in Sources */,
				E4E9819D1699C3EE001A09CF /* ASIDownloadCache.m in Sources */,
				E4E9819F1699C3EE001A09CF /* ASIFormDataRequest.m in Sources */,
				E4E981A11699C3EE001A09CF /* ASIHTTPRequest.m in Sources */,
				E4E981A51699C3EE001A09CF /* ASIInputStream.m in Sources */,
				E4E981A71699C3EE001A09CF /* ASINetworkQueue.m in Sources */,
				A988237016981B9100D6E3D5 /* main.m in Sources */,
				A988237416981B9100D6E3D5 /* AppDelegate.m in Sources */,
				A988237D16981B9100D6E3D5 /* ViewController.m in Sources */,
				A98823AB16981CA800D6E3D5 /* Reachability.m in Sources */,
				A98823B8169824F900D6E3D5 /* BusinessLogicController.m in Sources */,
			);
			runOnlyForDeploymentPostprocessing = 0;
		};
/* End PBXSourcesBuildPhase section */

/* Begin PBXVariantGroup section */
		A988236C16981B9100D6E3D5 /* InfoPlist.strings */ = {
			isa = PBXVariantGroup;
			children = (
				A988236D16981B9100D6E3D5 /* en */,
			);
			name = InfoPlist.strings;
			sourceTree = "<group>";
		};
		A988237E16981B9100D6E3D5 /* ViewController.xib */ = {
			isa = PBXVariantGroup;
			children = (
				A988237F16981B9100D6E3D5 /* en */,
			);
			name = ViewController.xib;
			sourceTree = "<group>";
		};
/* End PBXVariantGroup section */

/* Begin XCBuildConfiguration section */
		A988238116981B9100D6E3D5 /* Debug */ = {
			isa = XCBuildConfiguration;
			buildSettings = {
				ALWAYS_SEARCH_USER_PATHS = NO;
				CLANG_CXX_LANGUAGE_STANDARD = "gnu++0x";
				CLANG_CXX_LIBRARY = "libc++";
				CLANG_WARN_EMPTY_BODY = YES;
				CLANG_WARN__DUPLICATE_METHOD_MATCH = YES;
				"CODE_SIGN_IDENTITY[sdk=iphoneos*]" = "";
				COPY_PHASE_STRIP = NO;
				GCC_C_LANGUAGE_STANDARD = gnu99;
				GCC_DYNAMIC_NO_PIC = NO;
				GCC_OPTIMIZATION_LEVEL = 0;
				GCC_PREPROCESSOR_DEFINITIONS = (
					"DEBUG=1",
					"$(inherited)",
				);
				GCC_SYMBOLS_PRIVATE_EXTERN = NO;
				GCC_WARN_ABOUT_RETURN_TYPE = YES;
				GCC_WARN_UNINITIALIZED_AUTOS = YES;
				GCC_WARN_UNUSED_VARIABLE = YES;
				IPHONEOS_DEPLOYMENT_TARGET = 6.0;
				ONLY_ACTIVE_ARCH = YES;
				SDKROOT = iphoneos;
			};
			name = Debug;
		};
		A988238216981B9100D6E3D5 /* Release */ = {
			isa = XCBuildConfiguration;
			buildSettings = {
				ALWAYS_SEARCH_USER_PATHS = NO;
				CLANG_CXX_LANGUAGE_STANDARD = "gnu++0x";
				CLANG_CXX_LIBRARY = "libc++";
				CLANG_WARN_EMPTY_BODY = YES;
				CLANG_WARN__DUPLICATE_METHOD_MATCH = YES;
				"CODE_SIGN_IDENTITY[sdk=iphoneos*]" = "";
				COPY_PHASE_STRIP = YES;
				GCC_C_LANGUAGE_STANDARD = gnu99;
				GCC_WARN_ABOUT_RETURN_TYPE = YES;
				GCC_WARN_UNINITIALIZED_AUTOS = YES;
				GCC_WARN_UNUSED_VARIABLE = YES;
				IPHONEOS_DEPLOYMENT_TARGET = 6.0;
				OTHER_CFLAGS = "-DNS_BLOCK_ASSERTIONS=1";
				SDKROOT = iphoneos;
				VALIDATE_PRODUCT = YES;
			};
			name = Release;
		};
		A988238416981B9100D6E3D5 /* Debug */ = {
			isa = XCBuildConfiguration;
			buildSettings = {
				GCC_PRECOMPILE_PREFIX_HEADER = YES;
				GCC_PREFIX_HEADER = "DigestTest/DigestTest-Prefix.pch";
				INFOPLIST_FILE = "DigestTest/DigestTest-Info.plist";
				PRODUCT_NAME = "$(TARGET_NAME)";
				WRAPPER_EXTENSION = app;
			};
			name = Debug;
		};
		A988238516981B9100D6E3D5 /* Release */ = {
			isa = XCBuildConfiguration;
			buildSettings = {
				GCC_PRECOMPILE_PREFIX_HEADER = YES;
				GCC_PREFIX_HEADER = "DigestTest/DigestTest-Prefix.pch";
				INFOPLIST_FILE = "DigestTest/DigestTest-Info.plist";
				PRODUCT_NAME = "$(TARGET_NAME)";
				WRAPPER_EXTENSION = app;
			};
			name = Release;
		};
/* End XCBuildConfiguration section */

/* Begin XCConfigurationList section */
		A988235916981B9100D6E3D5 /* Build configuration list for PBXProject "DigestTest" */ = {
			isa = XCConfigurationList;
			buildConfigurations = (
				A988238116981B9100D6E3D5 /* Debug */,
				A988238216981B9100D6E3D5 /* Release */,
			);
			defaultConfigurationIsVisible = 0;
			defaultConfigurationName = Release;
		};
		A988238316981B9100D6E3D5 /* Build configuration list for PBXNativeTarget "DigestTest" */ = {
			isa = XCConfigurationList;
			buildConfigurations = (
				A988238416981B9100D6E3D5 /* Debug */,
				A988238516981B9100D6E3D5 /* Release */,
			);
			defaultConfigurationIsVisible = 0;
			defaultConfigurationName = Release;
		};
/* End XCConfigurationList section */
	};
	rootObject = A988235616981B9100D6E3D5 /* Project object */;
}
